
Microsoft Visual Studio Solution File, Format Version 12.00
# Visual Studio Version 16
VisualStudioVersion = 16.0.28803.202
MinimumVisualStudioVersion = 10.0.40219.1
Project("{FAE04EC0-301F-11D3-BF4B-00C04F79EFBC}") = "HeadsetController", "HeadsetController\HeadsetController.csproj", "{200E17D5-2E21-469D-BB6E-BC085B0B3926}"
EndProject
Project("{FAE04EC0-301F-11D3-BF4B-00C04F79EFBC}") = "PoC", "PoC\PoC.csproj", "{FEC42EE0-ED5A-4BEA-9000-003479063EB7}"
EndProject
Project("{FAE04EC0-301F-11D3-BF4B-00C04F79EFBC}") = "VirtualKeyboard", "VirtualKeyboard\VirtualKeyboard.csproj", "{FD4D046E-A08F-4D77-9166-CF2D5E8AC597}"
EndProject
Global
	GlobalSection(SolutionConfigurationPlatforms) = preSolution
		Debug|Any CPU = Debug|Any CPU
		Release|Any CPU = Release|Any CPU
	EndGlobalSection
	GlobalSection(ProjectConfigurationPlatforms) = postSolution
		{200E17D5-2E21-469D-BB6E-BC085B0B3926}.Debug|Any CPU.ActiveCfg = Debug|Any CPU
		{200E17D5-2E21-469D-BB6E-BC085B0B3926}.Debug|Any CPU.Build.0 = Debug|Any CPU
		{200E17D5-2E21-469D-BB6E-BC085B0B3926}.Release|Any CPU.ActiveCfg = Release|Any CPU
		{200E17D5-2E21-469D-BB6E-BC085B0B3926}.Release|Any CPU.Build.0 = Release|Any CPU
		{FEC42EE0-ED5A-4BEA-9000-003479063EB7}.Debug|Any CPU.ActiveCfg = Debug|Any CPU
		{FEC42EE0-ED5A-4BEA-9000-003479063EB7}.Debug|Any CPU.Build.0 = Debug|Any CPU
		{FEC42EE0-ED5A-4BEA-9000-003479063EB7}.Release|Any CPU.ActiveCfg = Release|Any CPU
		{FEC42EE0-ED5A-4BEA-9000-003479063EB7}.Release|Any CPU.Build.0 = Release|Any CPU
		{FD4D046E-A08F-4D77-9166-CF2D5E8AC597}.Debug|Any CPU.ActiveCfg = Debug|Any CPU
		{FD4D046E-A08F-4D77-9166-CF2D5E8AC597}.Debug|Any CPU.Build.0 = Debug|Any CPU
		{FD4D046E-A08F-4D77-9166-CF2D5E8AC597}.Release|Any CPU.ActiveCfg = Release|Any CPU
		{FD4D046E-A08F-4D77-9166-CF2D5E8AC597}.Release|Any CPU.Build.0 = Release|Any CPU
	EndGlobalSection
	GlobalSection(SolutionProperties) = preSolution
		HideSolutionNode = FALSE
	EndGlobalSection
	GlobalSection(ExtensibilityGlobals) = postSolution
		SolutionGuid = {69E60CBC-85B5-4672-9A6A-7282FB9F3ED3}
	EndGlobalSection
EndGlobal
